
Microsoft Visual Studio Solution File, Format Version 12.00
# Visual Studio Version 16
VisualStudioVersion = 16.0.29403.142
MinimumVisualStudioVersion = 10.0.40219.1
Project("{9A19103F-16F7-4668-BE54-9A1E7A4F7556}") = "Kestrel.EntityModel", "Kestrel.EntityModel\Kestrel.EntityModel.csproj", "{100A9103-54A1-410F-832F-7666C9F3661C}"
EndProject
Project("{2150E333-8FDC-42A3-9474-1A3956D46DE8}") = "Kestre01.实体模型", "Kestre01.实体模型", "{30D3FCF1-9B96-450B-8648-07A5E611B7F8}"
EndProject
Project("{2150E333-8FDC-42A3-9474-1A3956D46DE8}") = "Kestrel02.ORM", "Kestrel02.ORM", "{977B0D19-3185-41C2-A1BA-232A2B8E4ECB}"
EndProject
Project("{9A19103F-16F7-4668-BE54-9A1E7A4F7556}") = "Kestrel.ORM", "Kestrel.ORM\Kestrel.ORM.csproj", "{5164B75D-1B6B-4A8F-AFD4-823DF9DF4679}"
EndProject
Project("{9A19103F-16F7-4668-BE54-9A1E7A4F7556}") = "Kestrel.WebApi", "Kestrel.WebApi\Kestrel.WebApi.csproj", "{21AB289F-EF01-465D-AC16-B636FAF8210E}"
EndProject
Project("{2150E333-8FDC-42A3-9474-1A3956D46DE8}") = "Kestrel03.DataAccess", "Kestrel03.DataAccess", "{343238CE-0176-4899-BF16-9542EE7503DB}"
EndProject
Project("{9A19103F-16F7-4668-BE54-9A1E7A4F7556}") = "Kestrel.DataAccess", "Kestrel.DataAccess\Kestrel.DataAccess.csproj", "{FB081FA4-E952-4538-9A24-D2283CB05C4F}"
EndProject
Project("{2150E333-8FDC-42A3-9474-1A3956D46DE8}") = "Kestrel04.02.实体模型与远程数据模型映射服务", "Kestrel04.02.实体模型与远程数据模型映射服务", "{197EB900-69D6-4AF7-8567-9B40F81D186F}"
EndProject
Project("{9A19103F-16F7-4668-BE54-9A1E7A4F7556}") = "Kestrel.ViewModelServices", "Kestrel.ViewModelServices\Kestrel.ViewModelServices.csproj", "{1BCFAF0C-1498-497C-AD5A-15994A53DFD3}"
EndProject
Project("{9A19103F-16F7-4668-BE54-9A1E7A4F7556}") = "Kestrel.Identity", "Kestrel.Identity\Kestrel.Identity.csproj", "{A8F08EF6-06C7-4A22-BB8C-269B54B48745}"
EndProject
Project("{2150E333-8FDC-42A3-9474-1A3956D46DE8}") = "Kestrel04.01实体远程数据模型", "Kestrel04.01实体远程数据模型", "{D775D9E9-8C40-4B8C-93FB-23D28B1D253B}"
EndProject
Project("{9A19103F-16F7-4668-BE54-9A1E7A4F7556}") = "Kestrel.ViewModel", "Kestrel.ViewModel\Kestrel.ViewModel.csproj", "{0BACE565-059E-4FF3-877A-C2CEB47C80ED}"
EndProject
Global
	GlobalSection(SolutionConfigurationPlatforms) = preSolution
		Debug|Any CPU = Debug|Any CPU
		Release|Any CPU = Release|Any CPU
	EndGlobalSection
	GlobalSection(ProjectConfigurationPlatforms) = postSolution
		{100A9103-54A1-410F-832F-7666C9F3661C}.Debug|Any CPU.ActiveCfg = Debug|Any CPU
		{100A9103-54A1-410F-832F-7666C9F3661C}.Debug|Any CPU.Build.0 = Debug|Any CPU
		{100A9103-54A1-410F-832F-7666C9F3661C}.Release|Any CPU.ActiveCfg = Release|Any CPU
		{100A9103-54A1-410F-832F-7666C9F3661C}.Release|Any CPU.Build.0 = Release|Any CPU
		{5164B75D-1B6B-4A8F-AFD4-823DF9DF4679}.Debug|Any CPU.ActiveCfg = Debug|Any CPU
		{5164B75D-1B6B-4A8F-AFD4-823DF9DF4679}.Debug|Any CPU.Build.0 = Debug|Any CPU
		{5164B75D-1B6B-4A8F-AFD4-823DF9DF4679}.Release|Any CPU.ActiveCfg = Release|Any CPU
		{5164B75D-1B6B-4A8F-AFD4-823DF9DF4679}.Release|Any CPU.Build.0 = Release|Any CPU
		{21AB289F-EF01-465D-AC16-B636FAF8210E}.Debug|Any CPU.ActiveCfg = Debug|Any CPU
		{21AB289F-EF01-465D-AC16-B636FAF8210E}.Debug|Any CPU.Build.0 = Debug|Any CPU
		{21AB289F-EF01-465D-AC16-B636FAF8210E}.Release|Any CPU.ActiveCfg = Release|Any CPU
		{21AB289F-EF01-465D-AC16-B636FAF8210E}.Release|Any CPU.Build.0 = Release|Any CPU
		{FB081FA4-E952-4538-9A24-D2283CB05C4F}.Debug|Any CPU.ActiveCfg = Debug|Any CPU
		{FB081FA4-E952-4538-9A24-D2283CB05C4F}.Debug|Any CPU.Build.0 = Debug|Any CPU
		{FB081FA4-E952-4538-9A24-D2283CB05C4F}.Release|Any CPU.ActiveCfg = Release|Any CPU
		{FB081FA4-E952-4538-9A24-D2283CB05C4F}.Release|Any CPU.Build.0 = Release|Any CPU
		{1BCFAF0C-1498-497C-AD5A-15994A53DFD3}.Debug|Any CPU.ActiveCfg = Debug|Any CPU
		{1BCFAF0C-1498-497C-AD5A-15994A53DFD3}.Debug|Any CPU.Build.0 = Debug|Any CPU
		{1BCFAF0C-1498-497C-AD5A-15994A53DFD3}.Release|Any CPU.ActiveCfg = Release|Any CPU
		{1BCFAF0C-1498-497C-AD5A-15994A53DFD3}.Release|Any CPU.Build.0 = Release|Any CPU
		{A8F08EF6-06C7-4A22-BB8C-269B54B48745}.Debug|Any CPU.ActiveCfg = Debug|Any CPU
		{A8F08EF6-06C7-4A22-BB8C-269B54B48745}.Debug|Any CPU.Build.0 = Debug|Any CPU
		{A8F08EF6-06C7-4A22-BB8C-269B54B48745}.Release|Any CPU.ActiveCfg = Release|Any CPU
		{A8F08EF6-06C7-4A22-BB8C-269B54B48745}.Release|Any CPU.Build.0 = Release|Any CPU
		{0BACE565-059E-4FF3-877A-C2CEB47C80ED}.Debug|Any CPU.ActiveCfg = Debug|Any CPU
		{0BACE565-059E-4FF3-877A-C2CEB47C80ED}.Debug|Any CPU.Build.0 = Debug|Any CPU
		{0BACE565-059E-4FF3-877A-C2CEB47C80ED}.Release|Any CPU.ActiveCfg = Release|Any CPU
		{0BACE565-059E-4FF3-877A-C2CEB47C80ED}.Release|Any CPU.Build.0 = Release|Any CPU
	EndGlobalSection
	GlobalSection(SolutionProperties) = preSolution
		HideSolutionNode = FALSE
	EndGlobalSection
	GlobalSection(NestedProjects) = preSolution
		{100A9103-54A1-410F-832F-7666C9F3661C} = {30D3FCF1-9B96-450B-8648-07A5E611B7F8}
		{5164B75D-1B6B-4A8F-AFD4-823DF9DF4679} = {977B0D19-3185-41C2-A1BA-232A2B8E4ECB}
		{FB081FA4-E952-4538-9A24-D2283CB05C4F} = {343238CE-0176-4899-BF16-9542EE7503DB}
		{1BCFAF0C-1498-497C-AD5A-15994A53DFD3} = {197EB900-69D6-4AF7-8567-9B40F81D186F}
		{0BACE565-059E-4FF3-877A-C2CEB47C80ED} = {D775D9E9-8C40-4B8C-93FB-23D28B1D253B}
	EndGlobalSection
	GlobalSection(ExtensibilityGlobals) = postSolution
		SolutionGuid = {9B1AAF26-67D7-4F9F-B962-93119E4A183C}
	EndGlobalSection
EndGlobal
